
Microsoft Visual Studio Solution File, Format Version 12.00
Project("{2150E333-8FDC-42A3-9474-1A3956D46DE8}") = "src", "src", "{960F5FD3-956B-477C-8602-0F30501AE8C9}"
EndProject
Project("{2150E333-8FDC-42A3-9474-1A3956D46DE8}") = "tests", "tests", "{01F86D06-84BD-4F0B-97A6-5B27F5EB7670}"
EndProject
Project("{FAE04EC0-301F-11D3-BF4B-00C04F79EFBC}") = "FSRS.Core", "src\FSRS.Core\FSRS.Core.csproj", "{3F93D70D-0EBE-4082-914B-9B7F96D57764}"
EndProject
Project("{FAE04EC0-301F-11D3-BF4B-00C04F79EFBC}") = "Models", "tests\Models\Models.csproj", "{0BDC89DB-49CB-4053-8D65-A2397006613C}"
EndProject
Project("{FAE04EC0-301F-11D3-BF4B-00C04F79EFBC}") = "Helpers", "tests\Helpers\Helpers.csproj", "{A7B95ED3-F0F8-46CE-9BE7-7BDC1F134279}"
EndProject
Project("{FAE04EC0-301F-11D3-BF4B-00C04F79EFBC}") = "Services", "tests\Services\Services.csproj", "{ECCB8536-C327-4ABB-AA28-AC100E4EECB4}"
EndProject
Project("{FAE04EC0-301F-11D3-BF4B-00C04F79EFBC}") = "Extensions", "tests\Extensions\Extensions.csproj", "{E9022F1F-4A86-4908-A94F-D7DF106181E3}"
EndProject
Global
	GlobalSection(SolutionConfigurationPlatforms) = preSolution
		Debug|Any CPU = Debug|Any CPU
		Release|Any CPU = Release|Any CPU
	EndGlobalSection
	GlobalSection(NestedProjects) = preSolution
		{3F93D70D-0EBE-4082-914B-9B7F96D57764} = {960F5FD3-956B-477C-8602-0F30501AE8C9}
		{0BDC89DB-49CB-4053-8D65-A2397006613C} = {01F86D06-84BD-4F0B-97A6-5B27F5EB7670}
		{A7B95ED3-F0F8-46CE-9BE7-7BDC1F134279} = {01F86D06-84BD-4F0B-97A6-5B27F5EB7670}
		{ECCB8536-C327-4ABB-AA28-AC100E4EECB4} = {01F86D06-84BD-4F0B-97A6-5B27F5EB7670}
		{E9022F1F-4A86-4908-A94F-D7DF106181E3} = {01F86D06-84BD-4F0B-97A6-5B27F5EB7670}
	EndGlobalSection
	GlobalSection(ProjectConfigurationPlatforms) = postSolution
		{3F93D70D-0EBE-4082-914B-9B7F96D57764}.Debug|Any CPU.ActiveCfg = Debug|Any CPU
		{3F93D70D-0EBE-4082-914B-9B7F96D57764}.Debug|Any CPU.Build.0 = Debug|Any CPU
		{3F93D70D-0EBE-4082-914B-9B7F96D57764}.Release|Any CPU.ActiveCfg = Release|Any CPU
		{3F93D70D-0EBE-4082-914B-9B7F96D57764}.Release|Any CPU.Build.0 = Release|Any CPU
		{0BDC89DB-49CB-4053-8D65-A2397006613C}.Debug|Any CPU.ActiveCfg = Debug|Any CPU
		{0BDC89DB-49CB-4053-8D65-A2397006613C}.Debug|Any CPU.Build.0 = Debug|Any CPU
		{0BDC89DB-49CB-4053-8D65-A2397006613C}.Release|Any CPU.ActiveCfg = Release|Any CPU
		{0BDC89DB-49CB-4053-8D65-A2397006613C}.Release|Any CPU.Build.0 = Release|Any CPU
		{A7B95ED3-F0F8-46CE-9BE7-7BDC1F134279}.Debug|Any CPU.ActiveCfg = Debug|Any CPU
		{A7B95ED3-F0F8-46CE-9BE7-7BDC1F134279}.Debug|Any CPU.Build.0 = Debug|Any CPU
		{A7B95ED3-F0F8-46CE-9BE7-7BDC1F134279}.Release|Any CPU.ActiveCfg = Release|Any CPU
		{A7B95ED3-F0F8-46CE-9BE7-7BDC1F134279}.Release|Any CPU.Build.0 = Release|Any CPU
		{ECCB8536-C327-4ABB-AA28-AC100E4EECB4}.Debug|Any CPU.ActiveCfg = Debug|Any CPU
		{ECCB8536-C327-4ABB-AA28-AC100E4EECB4}.Debug|Any CPU.Build.0 = Debug|Any CPU
		{ECCB8536-C327-4ABB-AA28-AC100E4EECB4}.Release|Any CPU.ActiveCfg = Release|Any CPU
		{ECCB8536-C327-4ABB-AA28-AC100E4EECB4}.Release|Any CPU.Build.0 = Release|Any CPU
		{E9022F1F-4A86-4908-A94F-D7DF106181E3}.Debug|Any CPU.ActiveCfg = Debug|Any CPU
		{E9022F1F-4A86-4908-A94F-D7DF106181E3}.Debug|Any CPU.Build.0 = Debug|Any CPU
		{E9022F1F-4A86-4908-A94F-D7DF106181E3}.Release|Any CPU.ActiveCfg = Release|Any CPU
		{E9022F1F-4A86-4908-A94F-D7DF106181E3}.Release|Any CPU.Build.0 = Release|Any CPU
	EndGlobalSection
EndGlobal
